
Microsoft Visual Studio Solution File, Format Version 12.00
# Visual Studio Version 16
VisualStudioVersion = 16.0.28729.10
MinimumVisualStudioVersion = 10.0.40219.1
Project("{FAE04EC0-301F-11D3-BF4B-00C04F79EFBC}") = "MangmentUn", "MangmentUn.csproj", "{35B88138-E128-453F-80C5-BF67F37BF5F2}"
EndProject
Global
	GlobalSection(SolutionConfigurationPlatforms) = preSolution
		Debug|Any CPU = Debug|Any CPU
		Release|Any CPU = Release|Any CPU
	EndGlobalSection
	GlobalSection(ProjectConfigurationPlatforms) = postSolution
		{35B88138-E128-453F-80C5-BF67F37BF5F2}.Debug|Any CPU.ActiveCfg = Debug|Any CPU
		{35B88138-E128-453F-80C5-BF67F37BF5F2}.Debug|Any CPU.Build.0 = Debug|Any CPU
		{35B88138-E128-453F-80C5-BF67F37BF5F2}.Release|Any CPU.ActiveCfg = Release|Any CPU
		{35B88138-E128-453F-80C5-BF67F37BF5F2}.Release|Any CPU.Build.0 = Release|Any CPU
	EndGlobalSection
	GlobalSection(SolutionProperties) = preSolution
		HideSolutionNode = FALSE
	EndGlobalSection
	GlobalSection(ExtensibilityGlobals) = postSolution
		SolutionGuid = {9F83B9EB-8E1D-454F-A05C-957E87883070}
	EndGlobalSection
EndGlobal
